
Microsoft Visual Studio Solution File, Format Version 12.00
# Visual Studio Version 16
VisualStudioVersion = 16.0.29009.5
MinimumVisualStudioVersion = 10.0.40219.1
Project("{FAE04EC0-301F-11D3-BF4B-00C04F79EFBC}") = "Resty", "Resty\Resty.csproj", "{B1C1B289-7EB6-4B97-8885-540BACE146BA}"
EndProject
Global
	GlobalSection(SolutionConfigurationPlatforms) = preSolution
		Debug|Any CPU = Debug|Any CPU
		Release|Any CPU = Release|Any CPU
	EndGlobalSection
	GlobalSection(ProjectConfigurationPlatforms) = postSolution
		{B1C1B289-7EB6-4B97-8885-540BACE146BA}.Debug|Any CPU.ActiveCfg = Debug|Any CPU
		{B1C1B289-7EB6-4B97-8885-540BACE146BA}.Debug|Any CPU.Build.0 = Debug|Any CPU
		{B1C1B289-7EB6-4B97-8885-540BACE146BA}.Release|Any CPU.ActiveCfg = Release|Any CPU
		{B1C1B289-7EB6-4B97-8885-540BACE146BA}.Release|Any CPU.Build.0 = Release|Any CPU
	EndGlobalSection
	GlobalSection(SolutionProperties) = preSolution
		HideSolutionNode = FALSE
	EndGlobalSection
	GlobalSection(ExtensibilityGlobals) = postSolution
		SolutionGuid = {86AFB163-055B-4480-808B-07187B2ECB83}
	EndGlobalSection
EndGlobal
